# THIS IS AN AUTOGENERATED FILE. DO NOT EDIT THIS FILE DIRECTLY.
# yarn lockfile v1


graphql@^14.3.0:
  version "14.3.0"
  resolved "https://registry.yarnpkg.com/graphql/-/graphql-14.3.0.tgz#34dd36faa489ff642bcd25df6c3b4f988a1a2f3e"
  integrity sha512-MdfI4v7kSNC3NhB7cF8KNijDsifuWO2XOtzpyququqaclO8wVuChYv+KogexDwgP5sp7nFI9Z6N4QHgoLkfjrg==
  dependencies:
    iterall "^1.2.2"

iterall@^1.2.2:
  version "1.2.2"
  resolved "https://registry.yarnpkg.com/iterall/-/iterall-1.2.2.tgz#92d70deb8028e0c39ff3164fdbf4d8b088130cd7"
  integrity sha512-yynBb1g+RFUPY64fTrFv7nsjRrENBQJaX2UL+2Szc9REFrSNm1rpSXHGzhmAy7a9uv3vlvgBlXnf9RqmPH1/DA==
